
Microsoft Visual Studio Solution File, Format Version 12.00
# Visual Studio Version 17
VisualStudioVersion = 17.11.35327.3
MinimumVisualStudioVersion = 10.0.40219.1
Project("{9A19103F-16F7-4668-BE54-9A1E7A4F7556}") = "MythRPG", "MythRPG.csproj", "{9C711ECA-8F0A-49C0-9BB8-C05390089025}"
EndProject
Global
	GlobalSection(SolutionConfigurationPlatforms) = preSolution
		Debug|Any CPU = Debug|Any CPU
		Release|Any CPU = Release|Any CPU
	EndGlobalSection
	GlobalSection(ProjectConfigurationPlatforms) = postSolution
		{9C711ECA-8F0A-49C0-9BB8-C05390089025}.Debug|Any CPU.ActiveCfg = Debug|Any CPU
		{9C711ECA-8F0A-49C0-9BB8-C05390089025}.Debug|Any CPU.Build.0 = Debug|Any CPU
		{9C711ECA-8F0A-49C0-9BB8-C05390089025}.Release|Any CPU.ActiveCfg = Release|Any CPU
		{9C711ECA-8F0A-49C0-9BB8-C05390089025}.Release|Any CPU.Build.0 = Release|Any CPU
	EndGlobalSection
	GlobalSection(SolutionProperties) = preSolution
		HideSolutionNode = FALSE
	EndGlobalSection
	GlobalSection(ExtensibilityGlobals) = postSolution
		SolutionGuid = {8ED42FCF-3541-472C-B85E-2D1BA13488BF}
	EndGlobalSection
EndGlobal
